PODS:
  - simple-logger-ios (0.1.0)

DEPENDENCIES:
  - simple-logger-ios (from `../`)

EXTERNAL SOURCES:
  simple-logger-ios:
    :path: "../"

SPEC CHECKSUMS:
  simple-logger-ios: 01f25938f328b52b6a37e7b19b1b81ee47152841

PODFILE CHECKSUM: f0531498d956b632ece6e899ca6899b1fefdf644

COCOAPODS: 1.1.1
